// !$*UTF8*$!
{
	archiveVersion = 1;
	classes = {
	};
	objectVersion = 46;
	objects = {

/* Begin PBXBuildFile section */
		2453A4021ED035E90068E7FC /* GradientView.swift in Sources */ = {isa = PBXBuildFile; fileRef = 2453A4011ED035E90068E7FC /* GradientView.swift */; };
		2453A4051ED056220068E7FC /* ProjectCell.swift in Sources */ = {isa = PBXBuildFile; fileRef = 2453A4031ED056220068E7FC /* ProjectCell.swift */; };
		2453A4061ED056220068E7FC /* ProjectCell.xib in Resources */ = {isa = PBXBuildFile; fileRef = 2453A4041ED056220068E7FC /* ProjectCell.xib */; };
		245DA9281ECC936B00A37705 /* CommentsVC.swift in Sources */ = {isa = PBXBuildFile; fileRef = 245DA9271ECC936B00A37705 /* CommentsVC.swift */; };
		245DA92B1ECC940D00A37705 /* CircularTransition.swift in Sources */ = {isa = PBXBuildFile; fileRef = 245DA92A1ECC940D00A37705 /* CircularTransition.swift */; };
		24757A8E1ECEA2DA0081BFAE /* CommentsCell.swift in Sources */ = {isa = PBXBuildFile; fileRef = 24757A8C1ECEA2DA0081BFAE /* CommentsCell.swift */; };
		24757A8F1ECEA2DA0081BFAE /* CommentsCell.xib in Resources */ = {isa = PBXBuildFile; fileRef = 24757A8D1ECEA2DA0081BFAE /* CommentsCell.xib */; };
		249590D71ECF109500E610A7 /* AlertControl.swift in Sources */ = {isa = PBXBuildFile; fileRef = 249590D61ECF109500E610A7 /* AlertControl.swift */; };
		249F2BB11ECC29890005F9AF /* extension.swift in Sources */ = {isa = PBXBuildFile; fileRef = 249F2BB01ECC29890005F9AF /* extension.swift */; };
		249F2BB61ECC2FDC0005F9AF /* TeamCell.swift in Sources */ = {isa = PBXBuildFile; fileRef = 249F2BB41ECC2FDC0005F9AF /* TeamCell.swift */; };
		249F2BB71ECC2FDC0005F9AF /* TeamCell.xib in Resources */ = {isa = PBXBuildFile; fileRef = 249F2BB51ECC2FDC0005F9AF /* TeamCell.xib */; };
		24A4013B1ECD4F1000E2E290 /* Member.swift in Sources */ = {isa = PBXBuildFile; fileRef = 24A4013A1ECD4F1000E2E290 /* Member.swift */; };
		24A4013E1ECD749100E2E290 /* Rate.swift in Sources */ = {isa = PBXBuildFile; fileRef = 24A4013D1ECD749100E2E290 /* Rate.swift */; };
		24A401401ECD905B00E2E290 /* RewordsVC.swift in Sources */ = {isa = PBXBuildFile; fileRef = 24A4013F1ECD905B00E2E290 /* RewordsVC.swift */; };
		24A401461ECD916E00E2E290 /* FeedCell.swift in Sources */ = {isa = PBXBuildFile; fileRef = 24A401441ECD916E00E2E290 /* FeedCell.swift */; };
		24A401471ECD916E00E2E290 /* FeedCell.xib in Resources */ = {isa = PBXBuildFile; fileRef = 24A401451ECD916E00E2E290 /* FeedCell.xib */; };
		24A4014A1ECD948200E2E290 /* PostCell.swift in Sources */ = {isa = PBXBuildFile; fileRef = 24A401481ECD948200E2E290 /* PostCell.swift */; };
		24A4014B1ECD948200E2E290 /* PostCell.xib in Resources */ = {isa = PBXBuildFile; fileRef = 24A401491ECD948200E2E290 /* PostCell.xib */; };
		24D68FB91ECAD79E008ACFF5 /* AppDelegate.swift in Sources */ = {isa = PBXBuildFile; fileRef = 24D68FB81ECAD79E008ACFF5 /* AppDelegate.swift */; };
		24D68FBE1ECAD79E008ACFF5 /* Main.storyboard in Resources */ = {isa = PBXBuildFile; fileRef = 24D68FBC1ECAD79E008ACFF5 /* Main.storyboard */; };
		24D68FC01ECAD79E008ACFF5 /* Assets.xcassets in Resources */ = {isa = PBXBuildFile; fileRef = 24D68FBF1ECAD79E008ACFF5 /* Assets.xcassets */; };
		24D68FC31ECAD79E008ACFF5 /* LaunchScreen.storyboard in Resources */ = {isa = PBXBuildFile; fileRef = 24D68FC11ECAD79E008ACFF5 /* LaunchScreen.storyboard */; };
		24D68FCB1ECAD9C0008ACFF5 /* LoginVC.swift in Sources */ = {isa = PBXBuildFile; fileRef = 24D68FCA1ECAD9C0008ACFF5 /* LoginVC.swift */; };
		24D68FD01ECAFC2A008ACFF5 /* ProjectsVC.swift in Sources */ = {isa = PBXBuildFile; fileRef = 24D68FCF1ECAFC2A008ACFF5 /* ProjectsVC.swift */; };
		24D68FD21ECAFC9E008ACFF5 /* TeamVC.swift in Sources */ = {isa = PBXBuildFile; fileRef = 24D68FD11ECAFC9E008ACFF5 /* TeamVC.swift */; };
		24D68FD41ECAFDB6008ACFF5 /* FeedVC.swift in Sources */ = {isa = PBXBuildFile; fileRef = 24D68FD31ECAFDB6008ACFF5 /* FeedVC.swift */; };
		24D68FD61ECB4B00008ACFF5 /* ProfileVC.swift in Sources */ = {isa = PBXBuildFile; fileRef = 24D68FD51ECB4B00008ACFF5 /* ProfileVC.swift */; };
		258E6B88BBD0591122AEE6D8 /* Pods_HRProject.framework in Frameworks */ = {isa = PBXBuildFile; fileRef = 307A6BB174A00B5DB20DF3E0 /* Pods_HRProject.framework */; };
/* End PBXBuildFile section */

/* Begin PBXFileReference section */
		2453A4011ED035E90068E7FC /* GradientView.swift */ = {isa = PBXFileReference; fileEncoding = 4; lastKnownFileType = sourcecode.swift; path = GradientView.swift; sourceTree = "<group>"; };
		2453A4031ED056220068E7FC /* ProjectCell.swift */ = {isa = PBXFileReference; fileEncoding = 4; lastKnownFileType = sourcecode.swift; path = ProjectCell.swift; sourceTree = "<group>"; };
		2453A4041ED056220068E7FC /* ProjectCell.xib */ = {isa = PBXFileReference; fileEncoding = 4; lastKnownFileType = file.xib; path = ProjectCell.xib; sourceTree = "<group>"; };
		245DA9271ECC936B00A37705 /* CommentsVC.swift */ = {isa = PBXFileReference; fileEncoding = 4; lastKnownFileType = sourcecode.swift; path = CommentsVC.swift; sourceTree = "<group>"; };
		245DA92A1ECC940D00A37705 /* CircularTransition.swift */ = {isa = PBXFileReference; fileEncoding = 4; lastKnownFileType = sourcecode.swift; path = CircularTransition.swift; sourceTree = "<group>"; };
		24757A8C1ECEA2DA0081BFAE /* CommentsCell.swift */ = {isa = PBXFileReference; fileEncoding = 4; lastKnownFileType = sourcecode.swift; path = CommentsCell.swift; sourceTree = "<group>"; };
		24757A8D1ECEA2DA0081BFAE /* CommentsCell.xib */ = {isa = PBXFileReference; fileEncoding = 4; lastKnownFileType = file.xib; path = CommentsCell.xib; sourceTree = "<group>"; };
		249590D61ECF109500E610A7 /* AlertControl.swift */ = {isa = PBXFileReference; fileEncoding = 4; lastKnownFileType = sourcecode.swift; path = AlertControl.swift; sourceTree = "<group>"; };
		249F2BB01ECC29890005F9AF /* extension.swift */ = {isa = PBXFileReference; fileEncoding = 4; lastKnownFileType = sourcecode.swift; path = extension.swift; sourceTree = "<group>"; };
		249F2BB41ECC2FDC0005F9AF /* TeamCell.swift */ = {isa = PBXFileReference; fileEncoding = 4; lastKnownFileType = sourcecode.swift; path = TeamCell.swift; sourceTree = "<group>"; };
		249F2BB51ECC2FDC0005F9AF /* TeamCell.xib */ = {isa = PBXFileReference; fileEncoding = 4; lastKnownFileType = file.xib; path = TeamCell.xib; sourceTree = "<group>"; };
		24A4013A1ECD4F1000E2E290 /* Member.swift */ = {isa = PBXFileReference; fileEncoding = 4; lastKnownFileType = sourcecode.swift; path = Member.swift; sourceTree = "<group>"; };
		24A4013D1ECD749100E2E290 /* Rate.swift */ = {isa = PBXFileReference; fileEncoding = 4; lastKnownFileType = sourcecode.swift; path = Rate.swift; sourceTree = "<group>"; };
		24A4013F1ECD905B00E2E290 /* RewordsVC.swift */ = {isa = PBXFileReference; fileEncoding = 4; lastKnownFileType = sourcecode.swift; path = RewordsVC.swift; sourceTree = "<group>"; };
		24A401441ECD916E00E2E290 /* FeedCell.swift */ = {isa = PBXFileReference; fileEncoding = 4; lastKnownFileType = sourcecode.swift; path = FeedCell.swift; sourceTree = "<group>"; };
		24A401451ECD916E00E2E290 /* FeedCell.xib */ = {isa = PBXFileReference; fileEncoding = 4; lastKnownFileType = file.xib; path = FeedCell.xib; sourceTree = "<group>"; };
		24A401481ECD948200E2E290 /* PostCell.swift */ = {isa = PBXFileReference; fileEncoding = 4; lastKnownFileType = sourcecode.swift; path = PostCell.swift; sourceTree = "<group>"; };
		24A401491ECD948200E2E290 /* PostCell.xib */ = {isa = PBXFileReference; fileEncoding = 4; lastKnownFileType = file.xib; path = PostCell.xib; sourceTree = "<group>"; };
		24D68FB51ECAD79E008ACFF5 /* HRProject.app */ = {isa = PBXFileReference; explicitFileType = wrapper.application; includeInIndex = 0; path = HRProject.app; sourceTree = BUILT_PRODUCTS_DIR; };
		24D68FB81ECAD79E008ACFF5 /* AppDelegate.swift */ = {isa = PBXFileReference; lastKnownFileType = sourcecode.swift; path = AppDelegate.swift; sourceTree = "<group>"; };
		24D68FBD1ECAD79E008ACFF5 /* Base */ = {isa = PBXFileReference; lastKnownFileType = file.storyboard; name = Base; path = Base.lproj/Main.storyboard; sourceTree = "<group>"; };
		24D68FBF1ECAD79E008ACFF5 /* Assets.xcassets */ = {isa = PBXFileReference; lastKnownFileType = folder.assetcatalog; path = Assets.xcassets; sourceTree = "<group>"; };
		24D68FC21ECAD79E008ACFF5 /* Base */ = {isa = PBXFileReference; lastKnownFileType = file.storyboard; name = Base; path = Base.lproj/LaunchScreen.storyboard; sourceTree = "<group>"; };
		24D68FC41ECAD79E008ACFF5 /* Info.plist */ = {isa = PBXFileReference; lastKnownFileType = text.plist.xml; path = Info.plist; sourceTree = "<group>"; };
		24D68FCA1ECAD9C0008ACFF5 /* LoginVC.swift */ = {isa = PBXFileReference; fileEncoding = 4; lastKnownFileType = sourcecode.swift; path = LoginVC.swift; sourceTree = "<group>"; };
		24D68FCF1ECAFC2A008ACFF5 /* ProjectsVC.swift */ = {isa = PBXFileReference; fileEncoding = 4; lastKnownFileType = sourcecode.swift; path = ProjectsVC.swift; sourceTree = "<group>"; };
		24D68FD11ECAFC9E008ACFF5 /* TeamVC.swift */ = {isa = PBXFileReference; fileEncoding = 4; lastKnownFileType = sourcecode.swift; path = TeamVC.swift; sourceTree = "<group>"; };
		24D68FD31ECAFDB6008ACFF5 /* FeedVC.swift */ = {isa = PBXFileReference; fileEncoding = 4; lastKnownFileType = sourcecode.swift; path = FeedVC.swift; sourceTree = "<group>"; };
		24D68FD51ECB4B00008ACFF5 /* ProfileVC.swift */ = {isa = PBXFileReference; fileEncoding = 4; lastKnownFileType = sourcecode.swift; path = ProfileVC.swift; sourceTree = "<group>"; };
		307A6BB174A00B5DB20DF3E0 /* Pods_HRProject.framework */ = {isa = PBXFileReference; explicitFileType = wrapper.framework; includeInIndex = 0; path = Pods_HRProject.framework; sourceTree = BUILT_PRODUCTS_DIR; };
		8520E1591464E6EA16820814 /* Pods-HRProject.release.xcconfig */ = {isa = PBXFileReference; includeInIndex = 1; lastKnownFileType = text.xcconfig; name = "Pods-HRProject.release.xcconfig"; path = "Pods/Target Support Files/Pods-HRProject/Pods-HRProject.release.xcconfig"; sourceTree = "<group>"; };
		DDE00E8CBB5068B7E33B8073 /* Pods-HRProject.debug.xcconfig */ = {isa = PBXFileReference; includeInIndex = 1; lastKnownFileType = text.xcconfig; name = "Pods-HRProject.debug.xcconfig"; path = "Pods/Target Support Files/Pods-HRProject/Pods-HRProject.debug.xcconfig"; sourceTree = "<group>"; };
/* End PBXFileReference section */

/* Begin PBXFrameworksBuildPhase section */
		24D68FB21ECAD79E008ACFF5 /* Frameworks */ = {
			isa = PBXFrameworksBuildPhase;
			buildActionMask = 2147483647;
			files = (
				258E6B88BBD0591122AEE6D8 /* Pods_HRProject.framework in Frameworks */,
			);
			runOnlyForDeploymentPostprocessing = 0;
		};
/* End PBXFrameworksBuildPhase section */

/* Begin PBXGroup section */
		245DA9291ECC93FA00A37705 /* helpers */ = {
			isa = PBXGroup;
			children = (
				2453A4011ED035E90068E7FC /* GradientView.swift */,
				249590D61ECF109500E610A7 /* AlertControl.swift */,
				245DA92A1ECC940D00A37705 /* CircularTransition.swift */,
				249F2BB01ECC29890005F9AF /* extension.swift */,
			);
			name = helpers;
			sourceTree = "<group>";
		};
		24A4013C1ECD4F1500E2E290 /* Model */ = {
			isa = PBXGroup;
			children = (
				24A4013A1ECD4F1000E2E290 /* Member.swift */,
				24A4013D1ECD749100E2E290 /* Rate.swift */,
			);
			name = Model;
			sourceTree = "<group>";
		};
		24A401411ECD90F500E2E290 /* View */ = {
			isa = PBXGroup;
			children = (
				249F2BB41ECC2FDC0005F9AF /* TeamCell.swift */,
				249F2BB51ECC2FDC0005F9AF /* TeamCell.xib */,
				24A401441ECD916E00E2E290 /* FeedCell.swift */,
				24A401451ECD916E00E2E290 /* FeedCell.xib */,
				24A401481ECD948200E2E290 /* PostCell.swift */,
				24A401491ECD948200E2E290 /* PostCell.xib */,
				24757A8C1ECEA2DA0081BFAE /* CommentsCell.swift */,
				24757A8D1ECEA2DA0081BFAE /* CommentsCell.xib */,
				2453A4031ED056220068E7FC /* ProjectCell.swift */,
				2453A4041ED056220068E7FC /* ProjectCell.xib */,
			);
			name = View;
			sourceTree = "<group>";
		};
		24D68FAC1ECAD79E008ACFF5 = {
			isa = PBXGroup;
			children = (
				24D68FB71ECAD79E008ACFF5 /* HRProject */,
				24D68FB61ECAD79E008ACFF5 /* Products */,
				6AA1BD6DBF3284A83B2D5D07 /* Pods */,
				3FD72F991E163006D4A7D4CF /* Frameworks */,
			);
			sourceTree = "<group>";
		};
		24D68FB61ECAD79E008ACFF5 /* Products */ = {
			isa = PBXGroup;
			children = (
				24D68FB51ECAD79E008ACFF5 /* HRProject.app */,
			);
			name = Products;
			sourceTree = "<group>";
		};
		24D68FB71ECAD79E008ACFF5 /* HRProject */ = {
			isa = PBXGroup;
			children = (
				24A401411ECD90F500E2E290 /* View */,
				24A4013C1ECD4F1500E2E290 /* Model */,
				245DA9291ECC93FA00A37705 /* helpers */,
				24D68FCE1ECAFB49008ACFF5 /* controllers */,
				24D68FB81ECAD79E008ACFF5 /* AppDelegate.swift */,
				24D68FBC1ECAD79E008ACFF5 /* Main.storyboard */,
				24D68FBF1ECAD79E008ACFF5 /* Assets.xcassets */,
				24D68FC11ECAD79E008ACFF5 /* LaunchScreen.storyboard */,
				24D68FC41ECAD79E008ACFF5 /* Info.plist */,
			);
			path = HRProject;
			sourceTree = "<group>";
		};
		24D68FCE1ECAFB49008ACFF5 /* controllers */ = {
			isa = PBXGroup;
			children = (
				24D68FCA1ECAD9C0008ACFF5 /* LoginVC.swift */,
				24D68FD31ECAFDB6008ACFF5 /* FeedVC.swift */,
				24D68FCF1ECAFC2A008ACFF5 /* ProjectsVC.swift */,
				24D68FD11ECAFC9E008ACFF5 /* TeamVC.swift */,
				24D68FD51ECB4B00008ACFF5 /* ProfileVC.swift */,
				245DA9271ECC936B00A37705 /* CommentsVC.swift */,
				24A4013F1ECD905B00E2E290 /* RewordsVC.swift */,
			);
			name = controllers;
			sourceTree = "<group>";
		};
		3FD72F991E163006D4A7D4CF /* Frameworks */ = {
			isa = PBXGroup;
			children = (
				307A6BB174A00B5DB20DF3E0 /* Pods_HRProject.framework */,
			);
			name = Frameworks;
			sourceTree = "<group>";
		};
		6AA1BD6DBF3284A83B2D5D07 /* Pods */ = {
			isa = PBXGroup;
			children = (
				DDE00E8CBB5068B7E33B8073 /* Pods-HRProject.debug.xcconfig */,
				8520E1591464E6EA16820814 /* Pods-HRProject.release.xcconfig */,
			);
			name = Pods;
			sourceTree = "<group>";
		};
/* End PBXGroup section */

/* Begin PBXNativeTarget section */
		24D68FB41ECAD79E008ACFF5 /* HRProject */ = {
			isa = PBXNativeTarget;
			buildConfigurationList = 24D68FC71ECAD79E008ACFF5 /* Build configuration list for PBXNativeTarget "HRProject" */;
			buildPhases = (
				78B797BF4E0354F18861BED7 /* [CP] Check Pods Manifest.lock */,
				24D68FB11ECAD79E008ACFF5 /* Sources */,
				24D68FB21ECAD79E008ACFF5 /* Frameworks */,
				24D68FB31ECAD79E008ACFF5 /* Resources */,
				ED5A8204E3330837E97F5A85 /* [CP] Embed Pods Frameworks */,
				9B70BC7BD3F5E22687D1F676 /* [CP] Copy Pods Resources */,
			);
			buildRules = (
			);
			dependencies = (
			);
			name = HRProject;
			productName = HRProject;
			productReference = 24D68FB51ECAD79E008ACFF5 /* HRProject.app */;
			productType = "com.apple.product-type.application";
		};
/* End PBXNativeTarget section */

/* Begin PBXProject section */
		24D68FAD1ECAD79E008ACFF5 /* Project object */ = {
			isa = PBXProject;
			attributes = {
				LastSwiftUpdateCheck = 0830;
				LastUpgradeCheck = 0830;
				ORGANIZATIONNAME = "mahmoud khudairi";
				TargetAttributes = {
					24D68FB41ECAD79E008ACFF5 = {
						CreatedOnToolsVersion = 8.3.2;
						DevelopmentTeam = ZQ547JDPVM;
						ProvisioningStyle = Automatic;
					};
				};
			};
			buildConfigurationList = 24D68FB01ECAD79E008ACFF5 /* Build configuration list for PBXProject "HRProject" */;
			compatibilityVersion = "Xcode 3.2";
			developmentRegion = English;
			hasScannedForEncodings = 0;
			knownRegions = (
				en,
				Base,
			);
			mainGroup = 24D68FAC1ECAD79E008ACFF5;
			productRefGroup = 24D68FB61ECAD79E008ACFF5 /* Products */;
			projectDirPath = "";
			projectRoot = "";
			targets = (
				24D68FB41ECAD79E008ACFF5 /* HRProject */,
			);
		};
/* End PBXProject section */

/* Begin PBXResourcesBuildPhase section */
		24D68FB31ECAD79E008ACFF5 /* Resources */ = {
			isa = PBXResourcesBuildPhase;
			buildActionMask = 2147483647;
			files = (
				249F2BB71ECC2FDC0005F9AF /* TeamCell.xib in Resources */,
				24A4014B1ECD948200E2E290 /* PostCell.xib in Resources */,
				24D68FC31ECAD79E008ACFF5 /* LaunchScreen.storyboard in Resources */,
				24D68FC01ECAD79E008ACFF5 /* Assets.xcassets in Resources */,
				24D68FBE1ECAD79E008ACFF5 /* Main.storyboard in Resources */,
				24A401471ECD916E00E2E290 /* FeedCell.xib in Resources */,
				24757A8F1ECEA2DA0081BFAE /* CommentsCell.xib in Resources */,
				2453A4061ED056220068E7FC /* ProjectCell.xib in Resources */,
			);
			runOnlyForDeploymentPostprocessing = 0;
		};
/* End PBXResourcesBuildPhase section */

/* Begin PBXShellScriptBuildPhase section */
		78B797BF4E0354F18861BED7 /* [CP] Check Pods Manifest.lock */ = {
			isa = PBXShellScriptBuildPhase;
			buildActionMask = 2147483647;
			files = (
			);
			inputPaths = (
			);
			name = "[CP] Check Pods Manifest.lock";
			outputPaths = (
			);
			runOnlyForDeploymentPostprocessing = 0;
			shellPath = /bin/sh;
			shellScript = "diff \"${PODS_PODFILE_DIR_PATH}/Podfile.lock\" \"${PODS_ROOT}/Manifest.lock\" > /dev/null\nif [ $? != 0 ] ; then\n    # print error to STDERR\n    echo \"error: The sandbox is not in sync with the Podfile.lock. Run 'pod install' or update your CocoaPods installation.\" >&2\n    exit 1\nfi\n";
			showEnvVarsInLog = 0;
		};
		9B70BC7BD3F5E22687D1F676 /* [CP] Copy Pods Resources */ = {
			isa = PBXShellScriptBuildPhase;
			buildActionMask = 2147483647;
			files = (
			);
			inputPaths = (
			);
			name = "[CP] Copy Pods Resources";
			outputPaths = (
			);
			runOnlyForDeploymentPostprocessing = 0;
			shellPath = /bin/sh;
			shellScript = "\"${SRCROOT}/Pods/Target Support Files/Pods-HRProject/Pods-HRProject-resources.sh\"\n";
			showEnvVarsInLog = 0;
		};
		ED5A8204E3330837E97F5A85 /* [CP] Embed Pods Frameworks */ = {
			isa = PBXShellScriptBuildPhase;
			buildActionMask = 2147483647;
			files = (
			);
			inputPaths = (
			);
			name = "[CP] Embed Pods Frameworks";
			outputPaths = (
			);
			runOnlyForDeploymentPostprocessing = 0;
			shellPath = /bin/sh;
			shellScript = "\"${SRCROOT}/Pods/Target Support Files/Pods-HRProject/Pods-HRProject-frameworks.sh\"\n";
			showEnvVarsInLog = 0;
		};
/* End PBXShellScriptBuildPhase section */

/* Begin PBXSourcesBuildPhase section */
		24D68FB11ECAD79E008ACFF5 /* Sources */ = {
			isa = PBXSourcesBuildPhase;
			buildActionMask = 2147483647;
			files = (
				249F2BB61ECC2FDC0005F9AF /* TeamCell.swift in Sources */,
				24D68FD41ECAFDB6008ACFF5 /* FeedVC.swift in Sources */,
				24D68FB91ECAD79E008ACFF5 /* AppDelegate.swift in Sources */,
				24757A8E1ECEA2DA0081BFAE /* CommentsCell.swift in Sources */,
				249590D71ECF109500E610A7 /* AlertControl.swift in Sources */,
				249F2BB11ECC29890005F9AF /* extension.swift in Sources */,
				24D68FD61ECB4B00008ACFF5 /* ProfileVC.swift in Sources */,
				2453A4051ED056220068E7FC /* ProjectCell.swift in Sources */,
				245DA92B1ECC940D00A37705 /* CircularTransition.swift in Sources */,
				2453A4021ED035E90068E7FC /* GradientView.swift in Sources */,
				24D68FD01ECAFC2A008ACFF5 /* ProjectsVC.swift in Sources */,
				24A401461ECD916E00E2E290 /* FeedCell.swift in Sources */,
				24D68FCB1ECAD9C0008ACFF5 /* LoginVC.swift in Sources */,
				24D68FD21ECAFC9E008ACFF5 /* TeamVC.swift in Sources */,
				24A4013E1ECD749100E2E290 /* Rate.swift in Sources */,
				24A401401ECD905B00E2E290 /* RewordsVC.swift in Sources */,
				245DA9281ECC936B00A37705 /* CommentsVC.swift in Sources */,
				24A4013B1ECD4F1000E2E290 /* Member.swift in Sources */,
				24A4014A1ECD948200E2E290 /* PostCell.swift in Sources */,
			);
			runOnlyForDeploymentPostprocessing = 0;
		};
/* End PBXSourcesBuildPhase section */

/* Begin PBXVariantGroup section */
		24D68FBC1ECAD79E008ACFF5 /* Main.storyboard */ = {
			isa = PBXVariantGroup;
			children = (
				24D68FBD1ECAD79E008ACFF5 /* Base */,
			);
			name = Main.storyboard;
			sourceTree = "<group>";
		};
		24D68FC11ECAD79E008ACFF5 /* LaunchScreen.storyboard */ = {
			isa = PBXVariantGroup;
			children = (
				24D68FC21ECAD79E008ACFF5 /* Base */,
			);
			name = LaunchScreen.storyboard;
			sourceTree = "<group>";
		};
/* End PBXVariantGroup section */

/* Begin XCBuildConfiguration section */
		24D68FC51ECAD79E008ACFF5 /* Debug */ = {
			isa = XCBuildConfiguration;
			buildSettings = {
				ALWAYS_SEARCH_USER_PATHS = NO;
				CLANG_ANALYZER_NONNULL = YES;
				CLANG_ANALYZER_NUMBER_OBJECT_CONVERSION = YES_AGGRESSIVE;
				CLANG_CXX_LANGUAGE_STANDARD = "gnu++0x";
				CLANG_CXX_LIBRARY = "libc++";
				CLANG_ENABLE_MODULES = YES;
				CLANG_ENABLE_OBJC_ARC = YES;
				CLANG_WARN_BOOL_CONVERSION = YES;
				CLANG_WARN_CONSTANT_CONVERSION = YES;
				CLANG_WARN_DIRECT_OBJC_ISA_USAGE = YES_ERROR;
				CLANG_WARN_DOCUMENTATION_COMMENTS = YES;
				CLANG_WARN_EMPTY_BODY = YES;
				CLANG_WARN_ENUM_CONVERSION = YES;
				CLANG_WARN_INFINITE_RECURSION = YES;
				CLANG_WARN_INT_CONVERSION = YES;
				CLANG_WARN_OBJC_ROOT_CLASS = YES_ERROR;
				CLANG_WARN_SUSPICIOUS_MOVE = YES;
				CLANG_WARN_UNREACHABLE_CODE = YES;
				CLANG_WARN__DUPLICATE_METHOD_MATCH = YES;
				"CODE_SIGN_IDENTITY[sdk=iphoneos*]" = "iPhone Developer";
				COPY_PHASE_STRIP = NO;
				DEBUG_INFORMATION_FORMAT = dwarf;
				ENABLE_STRICT_OBJC_MSGSEND = YES;
				ENABLE_TESTABILITY = YES;
				GCC_C_LANGUAGE_STANDARD = gnu99;
				GCC_DYNAMIC_NO_PIC = NO;
				GCC_NO_COMMON_BLOCKS = YES;
				GCC_OPTIMIZATION_LEVEL = 0;
				GCC_PREPROCESSOR_DEFINITIONS = (
					"DEBUG=1",
					"$(inherited)",
				);
				GCC_WARN_64_TO_32_BIT_CONVERSION = YES;
				GCC_WARN_ABOUT_RETURN_TYPE = YES_ERROR;
				GCC_WARN_UNDECLARED_SELECTOR = YES;
				GCC_WARN_UNINITIALIZED_AUTOS = YES_AGGRESSIVE;
				GCC_WARN_UNUSED_FUNCTION = YES;
				GCC_WARN_UNUSED_VARIABLE = YES;
				IPHONEOS_DEPLOYMENT_TARGET = 10.3;
				MTL_ENABLE_DEBUG_INFO = YES;
				ONLY_ACTIVE_ARCH = YES;
				SDKROOT = iphoneos;
				SWIFT_ACTIVE_COMPILATION_CONDITIONS = DEBUG;
				SWIFT_OPTIMIZATION_LEVEL = "-Onone";
			};
			name = Debug;
		};
		24D68FC61ECAD79E008ACFF5 /* Release */ = {
			isa = XCBuildConfiguration;
			buildSettings = {
				ALWAYS_SEARCH_USER_PATHS = NO;
				CLANG_ANALYZER_NONNULL = YES;
				CLANG_ANALYZER_NUMBER_OBJECT_CONVERSION = YES_AGGRESSIVE;
				CLANG_CXX_LANGUAGE_STANDARD = "gnu++0x";
				CLANG_CXX_LIBRARY = "libc++";
				CLANG_ENABLE_MODULES = YES;
				CLANG_ENABLE_OBJC_ARC = YES;
				CLANG_WARN_BOOL_CONVERSION = YES;
				CLANG_WARN_CONSTANT_CONVERSION = YES;
				CLANG_WARN_DIRECT_OBJC_ISA_USAGE = YES_ERROR;
				CLANG_WARN_DOCUMENTATION_COMMENTS = YES;
				CLANG_WARN_EMPTY_BODY = YES;
				CLANG_WARN_ENUM_CONVERSION = YES;
				CLANG_WARN_INFINITE_RECURSION = YES;
				CLANG_WARN_INT_CONVERSION = YES;
				CLANG_WARN_OBJC_ROOT_CLASS = YES_ERROR;
				CLANG_WARN_SUSPICIOUS_MOVE = YES;
				CLANG_WARN_UNREACHABLE_CODE = YES;
				CLANG_WARN__DUPLICATE_METHOD_MATCH = YES;
				"CODE_SIGN_IDENTITY[sdk=iphoneos*]" = "iPhone Developer";
				COPY_PHASE_STRIP = NO;
				DEBUG_INFORMATION_FORMAT = "dwarf-with-dsym";
				ENABLE_NS_ASSERTIONS = NO;
				ENABLE_STRICT_OBJC_MSGSEND = YES;
				GCC_C_LANGUAGE_STANDARD = gnu99;
				GCC_NO_COMMON_BLOCKS = YES;
				GCC_WARN_64_TO_32_BIT_CONVERSION = YES;
				GCC_WARN_ABOUT_RETURN_TYPE = YES_ERROR;
				GCC_WARN_UNDECLARED_SELECTOR = YES;
				GCC_WARN_UNINITIALIZED_AUTOS = YES_AGGRESSIVE;
				GCC_WARN_UNUSED_FUNCTION = YES;
				GCC_WARN_UNUSED_VARIABLE = YES;
				IPHONEOS_DEPLOYMENT_TARGET = 10.3;
				MTL_ENABLE_DEBUG_INFO = NO;
				SDKROOT = iphoneos;
				SWIFT_OPTIMIZATION_LEVEL = "-Owholemodule";
				VALIDATE_PRODUCT = YES;
			};
			name = Release;
		};
		24D68FC81ECAD79E008ACFF5 /* Debug */ = {
			isa = XCBuildConfiguration;
			baseConfigurationReference = DDE00E8CBB5068B7E33B8073 /* Pods-HRProject.debug.xcconfig */;
			buildSettings = {
				ASSETCATALOG_COMPILER_APPICON_NAME = AppIcon;
				DEVELOPMENT_TEAM = ZQ547JDPVM;
				INFOPLIST_FILE = HRProject/Info.plist;
				IPHONEOS_DEPLOYMENT_TARGET = 10.0;
				LD_RUNPATH_SEARCH_PATHS = "$(inherited) @executable_path/Frameworks";
				PRODUCT_BUNDLE_IDENTIFIER = com.mahmoudkhudairi.HRProject;
				PRODUCT_NAME = "$(TARGET_NAME)";
				SWIFT_VERSION = 3.0;
			};
			name = Debug;
		};
		24D68FC91ECAD79E008ACFF5 /* Release */ = {
			isa = XCBuildConfiguration;
			baseConfigurationReference = 8520E1591464E6EA16820814 /* Pods-HRProject.release.xcconfig */;
			buildSettings = {
				ASSETCATALOG_COMPILER_APPICON_NAME = AppIcon;
				DEVELOPMENT_TEAM = ZQ547JDPVM;
				INFOPLIST_FILE = HRProject/Info.plist;
				IPHONEOS_DEPLOYMENT_TARGET = 10.0;
				LD_RUNPATH_SEARCH_PATHS = "$(inherited) @executable_path/Frameworks";
				PRODUCT_BUNDLE_IDENTIFIER = com.mahmoudkhudairi.HRProject;
				PRODUCT_NAME = "$(TARGET_NAME)";
				SWIFT_VERSION = 3.0;
			};
			name = Release;
		};
/* End XCBuildConfiguration section */

/* Begin XCConfigurationList section */
		24D68FB01ECAD79E008ACFF5 /* Build configuration list for PBXProject "HRProject" */ = {
			isa = XCConfigurationList;
			buildConfigurations = (
				24D68FC51ECAD79E008ACFF5 /* Debug */,
				24D68FC61ECAD79E008ACFF5 /* Release */,
			);
			defaultConfigurationIsVisible = 0;
			defaultConfigurationName = Release;
		};
		24D68FC71ECAD79E008ACFF5 /* Build configuration list for PBXNativeTarget "HRProject" */ = {
			isa = XCConfigurationList;
			buildConfigurations = (
				24D68FC81ECAD79E008ACFF5 /* Debug */,
				24D68FC91ECAD79E008ACFF5 /* Release */,
			);
			defaultConfigurationIsVisible = 0;
			defaultConfigurationName = Release;
		};
/* End XCConfigurationList section */
	};
	rootObject = 24D68FAD1ECAD79E008ACFF5 /* Project object */;
}
